
Microsoft Visual Studio Solution File, Format Version 12.00
# Visual Studio Version 17
VisualStudioVersion = 17.5.33530.505
MinimumVisualStudioVersion = 10.0.40219.1
Project("{FAE04EC0-301F-11D3-BF4B-00C04F79EFBC}") = "TodoApplication", "TodoApplication\TodoApplication.csproj", "{3BD2AC5C-3575-494D-A7FB-ACEB4A5264ED}"
EndProject
Global
	GlobalSection(SolutionConfigurationPlatforms) = preSolution
		Debug|Any CPU = Debug|Any CPU
		Release|Any CPU = Release|Any CPU
	EndGlobalSection
	GlobalSection(ProjectConfigurationPlatforms) = postSolution
		{3BD2AC5C-3575-494D-A7FB-ACEB4A5264ED}.Debug|Any CPU.ActiveCfg = Debug|Any CPU
		{3BD2AC5C-3575-494D-A7FB-ACEB4A5264ED}.Debug|Any CPU.Build.0 = Debug|Any CPU
		{3BD2AC5C-3575-494D-A7FB-ACEB4A5264ED}.Release|Any CPU.ActiveCfg = Release|Any CPU
		{3BD2AC5C-3575-494D-A7FB-ACEB4A5264ED}.Release|Any CPU.Build.0 = Release|Any CPU
	EndGlobalSection
	GlobalSection(SolutionProperties) = preSolution
		HideSolutionNode = FALSE
	EndGlobalSection
	GlobalSection(ExtensibilityGlobals) = postSolution
		SolutionGuid = {358863D4-424B-46AF-92B5-7E4B5E251353}
	EndGlobalSection
EndGlobal
